# This file is automatically @generated by Cargo.
# It is not intended for manual editing.
version = 3

[[package]]
name = "autogen"
version = "0.2.3"
dependencies = [
 "proc-macro2",
 "quote",
 "syn",
 "try_match",
]

[[package]]
name = "proc-macro2"
version = "1.0.89"
source = "registry+https://github.com/rust-lang/crates.io-index"
checksum = "f139b0662de085916d1fb67d2b4169d1addddda1919e696f3252b740b629986e"
dependencies = [
 "unicode-ident",
]

[[package]]
name = "quote"
version = "1.0.37"
source = "registry+https://github.com/rust-lang/crates.io-index"
checksum = "b5b9d34b8991d19d98081b46eacdd8eb58c6f2b201139f7c5f643cc155a633af"
dependencies = [
 "proc-macro2",
]

[[package]]
name = "syn"
version = "2.0.86"
source = "registry+https://github.com/rust-lang/crates.io-index"
checksum = "e89275301d38033efb81a6e60e3497e734dfcc62571f2854bf4b16690398824c"
dependencies = [
 "proc-macro2",
 "quote",
 "unicode-ident",
]

[[package]]
name = "try_match"
version = "0.4.2"
source = "registry+https://github.com/rust-lang/crates.io-index"
checksum = "b065c869a3f832418e279aa4c1d7088f9d5d323bde15a60a08e20c2cd4549082"
dependencies = [
 "try_match_inner",
]

[[package]]
name = "try_match_inner"
version = "0.5.2"
source = "registry+https://github.com/rust-lang/crates.io-index"
checksum = "b9c81686f7ab4065ccac3df7a910c4249f8c0f3fb70421d6ddec19b9311f63f9"
dependencies = [
 "proc-macro2",
 "quote",
 "syn",
]

[[package]]
name = "unicode-ident"
version = "1.0.12"
source = "registry+https://github.com/rust-lang/crates.io-index"
checksum = "3354b9ac3fae1ff6755cb6db53683adb661634f67557942dea4facebec0fee4b"
